
Microsoft Visual Studio Solution File, Format Version 12.00
# Visual Studio Version 16
VisualStudioVersion = 16.0.30717.126
MinimumVisualStudioVersion = 10.0.40219.1
Project("{9A19103F-16F7-4668-BE54-9A1E7A4F7556}") = "Day01.a", "Day01.a\Day01.a.csproj", "{CBCB368C-EB84-45CD-ADA5-B97E96DFF73F}"
EndProject
Project("{9A19103F-16F7-4668-BE54-9A1E7A4F7556}") = "Day01.b", "Day01.b\Day01.b.csproj", "{1DC073A2-D79B-4128-B3E1-83B0EA5F279D}"
EndProject
Project("{9A19103F-16F7-4668-BE54-9A1E7A4F7556}") = "Day02.a", "Day02.a\Day02.a.csproj", "{0A67B720-9307-4870-BC83-787BA7A2F198}"
EndProject
Project("{9A19103F-16F7-4668-BE54-9A1E7A4F7556}") = "Day02.b", "Day02.b\Day02.b.csproj", "{454C3A5C-CB41-4C57-A0B6-8459E87E9815}"
EndProject
Project("{9A19103F-16F7-4668-BE54-9A1E7A4F7556}") = "Day03.a", "Day03.a\Day03.a.csproj", "{B7E69B07-95C1-49ED-A630-FAE88B529AC0}"
EndProject
Project("{9A19103F-16F7-4668-BE54-9A1E7A4F7556}") = "Day03.b", "Day03.b\Day03.b.csproj", "{9C0412D9-1089-4391-868B-6E80677426E4}"
EndProject
Project("{9A19103F-16F7-4668-BE54-9A1E7A4F7556}") = "Day04.a", "Day04.a\Day04.a.csproj", "{66BB00F6-C16B-43A4-A37E-2F944B8F0A15}"
EndProject
Project("{9A19103F-16F7-4668-BE54-9A1E7A4F7556}") = "Day04.b", "Day04.b\Day04.b.csproj", "{681A2F39-1EC6-49F7-A12D-80B872DE8478}"
EndProject
Project("{9A19103F-16F7-4668-BE54-9A1E7A4F7556}") = "Day05.a", "Day05.a\Day05.a.csproj", "{0A96564E-434E-48C9-948A-D07D006EEEF1}"
EndProject
Project("{9A19103F-16F7-4668-BE54-9A1E7A4F7556}") = "Day05.b", "Day05.b\Day05.b.csproj", "{03C60729-1063-4A71-9701-EDBA54D82A50}"
EndProject
Project("{9A19103F-16F7-4668-BE54-9A1E7A4F7556}") = "Day06.a", "Day06.a\Day06.a.csproj", "{CD6281AF-6B1B-440C-96F3-922F091F8D90}"
EndProject
Project("{9A19103F-16F7-4668-BE54-9A1E7A4F7556}") = "Day06.b", "Day06.b\Day06.b.csproj", "{F24AE6B5-6F0B-4008-8196-CE4F2FB85558}"
EndProject
Project("{2150E333-8FDC-42A3-9474-1A3956D46DE8}") = "Solution Items", "Solution Items", "{7D48310B-E35A-4402-B610-E686BCB0BA51}"
	ProjectSection(SolutionItems) = preProject
		.editorconfig = .editorconfig
	EndProjectSection
EndProject
Project("{9A19103F-16F7-4668-BE54-9A1E7A4F7556}") = "Day07.a", "Day07.a\Day07.a.csproj", "{488AB270-77A0-432A-BE7B-6C2459B3B377}"
EndProject
Project("{9A19103F-16F7-4668-BE54-9A1E7A4F7556}") = "Day07.b", "Day07.b\Day07.b.csproj", "{4DE44DF1-3F1E-44B1-9A93-100A7161A061}"
EndProject
Project("{9A19103F-16F7-4668-BE54-9A1E7A4F7556}") = "Day08.a", "Day08.a\Day08.a.csproj", "{5BCDA707-8507-4F0E-9647-72504560EE90}"
EndProject
Project("{9A19103F-16F7-4668-BE54-9A1E7A4F7556}") = "Day08.b", "Day08.b\Day08.b.csproj", "{455F9320-804B-4866-8596-258D01395B70}"
EndProject
Project("{9A19103F-16F7-4668-BE54-9A1E7A4F7556}") = "Day09.a", "Day09.a\Day09.a.csproj", "{A03B928D-2828-4CD2-B5F9-1212171C5AD4}"
EndProject
Project("{9A19103F-16F7-4668-BE54-9A1E7A4F7556}") = "Day09.b", "Day09.b\Day09.b.csproj", "{EEDD540F-783D-4A56-91AF-59831B864EF1}"
EndProject
Project("{9A19103F-16F7-4668-BE54-9A1E7A4F7556}") = "Day11.a", "Day11.a\Day11.a.csproj", "{5D7F082F-EBF6-40FA-A223-5A61C0119CD5}"
EndProject
Project("{9A19103F-16F7-4668-BE54-9A1E7A4F7556}") = "Day11.b", "Day11.b\Day11.b.csproj", "{C822508B-61A7-4FF7-AD01-77544424670F}"
EndProject
Project("{9A19103F-16F7-4668-BE54-9A1E7A4F7556}") = "Day10.a", "Day10.a\Day10.a.csproj", "{69C83521-CF66-4E25-9D7A-3A20357D6338}"
EndProject
Project("{9A19103F-16F7-4668-BE54-9A1E7A4F7556}") = "Day10.b", "Day10.b\Day10.b.csproj", "{B964B083-867B-444C-9F30-D2F7D6C16BF3}"
EndProject
Project("{9A19103F-16F7-4668-BE54-9A1E7A4F7556}") = "Day12.a", "Day12.a\Day12.a.csproj", "{40B83E38-6A8D-4474-8457-175D99FB1854}"
EndProject
Project("{9A19103F-16F7-4668-BE54-9A1E7A4F7556}") = "Day12.b", "Day12.b\Day12.b.csproj", "{D581D758-391E-4225-85D3-5FC0ED7D7FD4}"
EndProject
Project("{9A19103F-16F7-4668-BE54-9A1E7A4F7556}") = "Day13.a", "Day13.a\Day13.a.csproj", "{C07F862E-BED7-46D8-A06C-A85F693C91B2}"
EndProject
Project("{9A19103F-16F7-4668-BE54-9A1E7A4F7556}") = "Day14.a", "Day14.a\Day14.a.csproj", "{BE7C7874-3F21-454B-8F29-AAC50E609BD5}"
EndProject
Project("{9A19103F-16F7-4668-BE54-9A1E7A4F7556}") = "Day14.b", "Day14.b\Day14.b.csproj", "{9801DE01-4B0B-42FB-81AD-2CF26A97382F}"
EndProject
Project("{9A19103F-16F7-4668-BE54-9A1E7A4F7556}") = "Day15.a", "Day15.a\Day15.a.csproj", "{D3D1191A-EBEB-4206-91F4-4BDE286E6B33}"
EndProject
Project("{9A19103F-16F7-4668-BE54-9A1E7A4F7556}") = "Day15.b", "Day15.b\Day15.b.csproj", "{016267E1-2544-4218-B579-244C6F20C6AB}"
EndProject
Project("{9A19103F-16F7-4668-BE54-9A1E7A4F7556}") = "Day17.a", "Day17.a\Day17.a.csproj", "{BBBDB54F-08A9-46D0-A162-57C135BA848F}"
EndProject
Project("{9A19103F-16F7-4668-BE54-9A1E7A4F7556}") = "Day17.b", "Day17.b\Day17.b.csproj", "{E9AC7D49-7DAF-4A3B-A59B-99CD415F9094}"
EndProject
Global
	GlobalSection(SolutionConfigurationPlatforms) = preSolution
		Debug|Any CPU = Debug|Any CPU
		Release|Any CPU = Release|Any CPU
	EndGlobalSection
	GlobalSection(ProjectConfigurationPlatforms) = postSolution
		{CBCB368C-EB84-45CD-ADA5-B97E96DFF73F}.Debug|Any CPU.ActiveCfg = Debug|Any CPU
		{CBCB368C-EB84-45CD-ADA5-B97E96DFF73F}.Debug|Any CPU.Build.0 = Debug|Any CPU
		{CBCB368C-EB84-45CD-ADA5-B97E96DFF73F}.Release|Any CPU.ActiveCfg = Release|Any CPU
		{CBCB368C-EB84-45CD-ADA5-B97E96DFF73F}.Release|Any CPU.Build.0 = Release|Any CPU
		{1DC073A2-D79B-4128-B3E1-83B0EA5F279D}.Debug|Any CPU.ActiveCfg = Debug|Any CPU
		{1DC073A2-D79B-4128-B3E1-83B0EA5F279D}.Debug|Any CPU.Build.0 = Debug|Any CPU
		{1DC073A2-D79B-4128-B3E1-83B0EA5F279D}.Release|Any CPU.ActiveCfg = Release|Any CPU
		{1DC073A2-D79B-4128-B3E1-83B0EA5F279D}.Release|Any CPU.Build.0 = Release|Any CPU
		{0A67B720-9307-4870-BC83-787BA7A2F198}.Debug|Any CPU.ActiveCfg = Debug|Any CPU
		{0A67B720-9307-4870-BC83-787BA7A2F198}.Debug|Any CPU.Build.0 = Debug|Any CPU
		{0A67B720-9307-4870-BC83-787BA7A2F198}.Release|Any CPU.ActiveCfg = Release|Any CPU
		{0A67B720-9307-4870-BC83-787BA7A2F198}.Release|Any CPU.Build.0 = Release|Any CPU
		{454C3A5C-CB41-4C57-A0B6-8459E87E9815}.Debug|Any CPU.ActiveCfg = Debug|Any CPU
		{454C3A5C-CB41-4C57-A0B6-8459E87E9815}.Debug|Any CPU.Build.0 = Debug|Any CPU
		{454C3A5C-CB41-4C57-A0B6-8459E87E9815}.Release|Any CPU.ActiveCfg = Release|Any CPU
		{454C3A5C-CB41-4C57-A0B6-8459E87E9815}.Release|Any CPU.Build.0 = Release|Any CPU
		{B7E69B07-95C1-49ED-A630-FAE88B529AC0}.Debug|Any CPU.ActiveCfg = Debug|Any CPU
		{B7E69B07-95C1-49ED-A630-FAE88B529AC0}.Debug|Any CPU.Build.0 = Debug|Any CPU
		{B7E69B07-95C1-49ED-A630-FAE88B529AC0}.Release|Any CPU.ActiveCfg = Release|Any CPU
		{B7E69B07-95C1-49ED-A630-FAE88B529AC0}.Release|Any CPU.Build.0 = Release|Any CPU
		{9C0412D9-1089-4391-868B-6E80677426E4}.Debug|Any CPU.ActiveCfg = Debug|Any CPU
		{9C0412D9-1089-4391-868B-6E80677426E4}.Debug|Any CPU.Build.0 = Debug|Any CPU
		{9C0412D9-1089-4391-868B-6E80677426E4}.Release|Any CPU.ActiveCfg = Release|Any CPU
		{9C0412D9-1089-4391-868B-6E80677426E4}.Release|Any CPU.Build.0 = Release|Any CPU
		{66BB00F6-C16B-43A4-A37E-2F944B8F0A15}.Debug|Any CPU.ActiveCfg = Debug|Any CPU
		{66BB00F6-C16B-43A4-A37E-2F944B8F0A15}.Debug|Any CPU.Build.0 = Debug|Any CPU
		{66BB00F6-C16B-43A4-A37E-2F944B8F0A15}.Release|Any CPU.ActiveCfg = Release|Any CPU
		{66BB00F6-C16B-43A4-A37E-2F944B8F0A15}.Release|Any CPU.Build.0 = Release|Any CPU
		{681A2F39-1EC6-49F7-A12D-80B872DE8478}.Debug|Any CPU.ActiveCfg = Debug|Any CPU
		{681A2F39-1EC6-49F7-A12D-80B872DE8478}.Debug|Any CPU.Build.0 = Debug|Any CPU
		{681A2F39-1EC6-49F7-A12D-80B872DE8478}.Release|Any CPU.ActiveCfg = Release|Any CPU
		{681A2F39-1EC6-49F7-A12D-80B872DE8478}.Release|Any CPU.Build.0 = Release|Any CPU
		{0A96564E-434E-48C9-948A-D07D006EEEF1}.Debug|Any CPU.ActiveCfg = Debug|Any CPU
		{0A96564E-434E-48C9-948A-D07D006EEEF1}.Debug|Any CPU.Build.0 = Debug|Any CPU
		{0A96564E-434E-48C9-948A-D07D006EEEF1}.Release|Any CPU.ActiveCfg = Release|Any CPU
		{0A96564E-434E-48C9-948A-D07D006EEEF1}.Release|Any CPU.Build.0 = Release|Any CPU
		{03C60729-1063-4A71-9701-EDBA54D82A50}.Debug|Any CPU.ActiveCfg = Debug|Any CPU
		{03C60729-1063-4A71-9701-EDBA54D82A50}.Debug|Any CPU.Build.0 = Debug|Any CPU
		{03C60729-1063-4A71-9701-EDBA54D82A50}.Release|Any CPU.ActiveCfg = Release|Any CPU
		{03C60729-1063-4A71-9701-EDBA54D82A50}.Release|Any CPU.Build.0 = Release|Any CPU
		{CD6281AF-6B1B-440C-96F3-922F091F8D90}.Debug|Any CPU.ActiveCfg = Debug|Any CPU
		{CD6281AF-6B1B-440C-96F3-922F091F8D90}.Debug|Any CPU.Build.0 = Debug|Any CPU
		{CD6281AF-6B1B-440C-96F3-922F091F8D90}.Release|Any CPU.ActiveCfg = Release|Any CPU
		{CD6281AF-6B1B-440C-96F3-922F091F8D90}.Release|Any CPU.Build.0 = Release|Any CPU
		{F24AE6B5-6F0B-4008-8196-CE4F2FB85558}.Debug|Any CPU.ActiveCfg = Debug|Any CPU
		{F24AE6B5-6F0B-4008-8196-CE4F2FB85558}.Debug|Any CPU.Build.0 = Debug|Any CPU
		{F24AE6B5-6F0B-4008-8196-CE4F2FB85558}.Release|Any CPU.ActiveCfg = Release|Any CPU
		{F24AE6B5-6F0B-4008-8196-CE4F2FB85558}.Release|Any CPU.Build.0 = Release|Any CPU
		{488AB270-77A0-432A-BE7B-6C2459B3B377}.Debug|Any CPU.ActiveCfg = Debug|Any CPU
		{488AB270-77A0-432A-BE7B-6C2459B3B377}.Debug|Any CPU.Build.0 = Debug|Any CPU
		{488AB270-77A0-432A-BE7B-6C2459B3B377}.Release|Any CPU.ActiveCfg = Release|Any CPU
		{488AB270-77A0-432A-BE7B-6C2459B3B377}.Release|Any CPU.Build.0 = Release|Any CPU
		{4DE44DF1-3F1E-44B1-9A93-100A7161A061}.Debug|Any CPU.ActiveCfg = Debug|Any CPU
		{4DE44DF1-3F1E-44B1-9A93-100A7161A061}.Debug|Any CPU.Build.0 = Debug|Any CPU
		{4DE44DF1-3F1E-44B1-9A93-100A7161A061}.Release|Any CPU.ActiveCfg = Release|Any CPU
		{4DE44DF1-3F1E-44B1-9A93-100A7161A061}.Release|Any CPU.Build.0 = Release|Any CPU
		{5BCDA707-8507-4F0E-9647-72504560EE90}.Debug|Any CPU.ActiveCfg = Debug|Any CPU
		{5BCDA707-8507-4F0E-9647-72504560EE90}.Debug|Any CPU.Build.0 = Debug|Any CPU
		{5BCDA707-8507-4F0E-9647-72504560EE90}.Release|Any CPU.ActiveCfg = Release|Any CPU
		{5BCDA707-8507-4F0E-9647-72504560EE90}.Release|Any CPU.Build.0 = Release|Any CPU
		{455F9320-804B-4866-8596-258D01395B70}.Debug|Any CPU.ActiveCfg = Debug|Any CPU
		{455F9320-804B-4866-8596-258D01395B70}.Debug|Any CPU.Build.0 = Debug|Any CPU
		{455F9320-804B-4866-8596-258D01395B70}.Release|Any CPU.ActiveCfg = Release|Any CPU
		{455F9320-804B-4866-8596-258D01395B70}.Release|Any CPU.Build.0 = Release|Any CPU
		{A03B928D-2828-4CD2-B5F9-1212171C5AD4}.Debug|Any CPU.ActiveCfg = Debug|Any CPU
		{A03B928D-2828-4CD2-B5F9-1212171C5AD4}.Debug|Any CPU.Build.0 = Debug|Any CPU
		{A03B928D-2828-4CD2-B5F9-1212171C5AD4}.Release|Any CPU.ActiveCfg = Release|Any CPU
		{A03B928D-2828-4CD2-B5F9-1212171C5AD4}.Release|Any CPU.Build.0 = Release|Any CPU
		{EEDD540F-783D-4A56-91AF-59831B864EF1}.Debug|Any CPU.ActiveCfg = Debug|Any CPU
		{EEDD540F-783D-4A56-91AF-59831B864EF1}.Debug|Any CPU.Build.0 = Debug|Any CPU
		{EEDD540F-783D-4A56-91AF-59831B864EF1}.Release|Any CPU.ActiveCfg = Release|Any CPU
		{EEDD540F-783D-4A56-91AF-59831B864EF1}.Release|Any CPU.Build.0 = Release|Any CPU
		{5D7F082F-EBF6-40FA-A223-5A61C0119CD5}.Debug|Any CPU.ActiveCfg = Debug|Any CPU
		{5D7F082F-EBF6-40FA-A223-5A61C0119CD5}.Debug|Any CPU.Build.0 = Debug|Any CPU
		{5D7F082F-EBF6-40FA-A223-5A61C0119CD5}.Release|Any CPU.ActiveCfg = Release|Any CPU
		{5D7F082F-EBF6-40FA-A223-5A61C0119CD5}.Release|Any CPU.Build.0 = Release|Any CPU
		{C822508B-61A7-4FF7-AD01-77544424670F}.Debug|Any CPU.ActiveCfg = Debug|Any CPU
		{C822508B-61A7-4FF7-AD01-77544424670F}.Debug|Any CPU.Build.0 = Debug|Any CPU
		{C822508B-61A7-4FF7-AD01-77544424670F}.Release|Any CPU.ActiveCfg = Release|Any CPU
		{C822508B-61A7-4FF7-AD01-77544424670F}.Release|Any CPU.Build.0 = Release|Any CPU
		{69C83521-CF66-4E25-9D7A-3A20357D6338}.Debug|Any CPU.ActiveCfg = Debug|Any CPU
		{69C83521-CF66-4E25-9D7A-3A20357D6338}.Debug|Any CPU.Build.0 = Debug|Any CPU
		{69C83521-CF66-4E25-9D7A-3A20357D6338}.Release|Any CPU.ActiveCfg = Release|Any CPU
		{69C83521-CF66-4E25-9D7A-3A20357D6338}.Release|Any CPU.Build.0 = Release|Any CPU
		{B964B083-867B-444C-9F30-D2F7D6C16BF3}.Debug|Any CPU.ActiveCfg = Debug|Any CPU
		{B964B083-867B-444C-9F30-D2F7D6C16BF3}.Debug|Any CPU.Build.0 = Debug|Any CPU
		{B964B083-867B-444C-9F30-D2F7D6C16BF3}.Release|Any CPU.ActiveCfg = Release|Any CPU
		{B964B083-867B-444C-9F30-D2F7D6C16BF3}.Release|Any CPU.Build.0 = Release|Any CPU
		{40B83E38-6A8D-4474-8457-175D99FB1854}.Debug|Any CPU.ActiveCfg = Debug|Any CPU
		{40B83E38-6A8D-4474-8457-175D99FB1854}.Debug|Any CPU.Build.0 = Debug|Any CPU
		{40B83E38-6A8D-4474-8457-175D99FB1854}.Release|Any CPU.ActiveCfg = Release|Any CPU
		{40B83E38-6A8D-4474-8457-175D99FB1854}.Release|Any CPU.Build.0 = Release|Any CPU
		{D581D758-391E-4225-85D3-5FC0ED7D7FD4}.Debug|Any CPU.ActiveCfg = Debug|Any CPU
		{D581D758-391E-4225-85D3-5FC0ED7D7FD4}.Debug|Any CPU.Build.0 = Debug|Any CPU
		{D581D758-391E-4225-85D3-5FC0ED7D7FD4}.Release|Any CPU.ActiveCfg = Release|Any CPU
		{D581D758-391E-4225-85D3-5FC0ED7D7FD4}.Release|Any CPU.Build.0 = Release|Any CPU
		{C07F862E-BED7-46D8-A06C-A85F693C91B2}.Debug|Any CPU.ActiveCfg = Debug|Any CPU
		{C07F862E-BED7-46D8-A06C-A85F693C91B2}.Debug|Any CPU.Build.0 = Debug|Any CPU
		{C07F862E-BED7-46D8-A06C-A85F693C91B2}.Release|Any CPU.ActiveCfg = Release|Any CPU
		{C07F862E-BED7-46D8-A06C-A85F693C91B2}.Release|Any CPU.Build.0 = Release|Any CPU
		{BE7C7874-3F21-454B-8F29-AAC50E609BD5}.Debug|Any CPU.ActiveCfg = Debug|Any CPU
		{BE7C7874-3F21-454B-8F29-AAC50E609BD5}.Debug|Any CPU.Build.0 = Debug|Any CPU
		{BE7C7874-3F21-454B-8F29-AAC50E609BD5}.Release|Any CPU.ActiveCfg = Release|Any CPU
		{BE7C7874-3F21-454B-8F29-AAC50E609BD5}.Release|Any CPU.Build.0 = Release|Any CPU
		{9801DE01-4B0B-42FB-81AD-2CF26A97382F}.Debug|Any CPU.ActiveCfg = Debug|Any CPU
		{9801DE01-4B0B-42FB-81AD-2CF26A97382F}.Debug|Any CPU.Build.0 = Debug|Any CPU
		{9801DE01-4B0B-42FB-81AD-2CF26A97382F}.Release|Any CPU.ActiveCfg = Release|Any CPU
		{9801DE01-4B0B-42FB-81AD-2CF26A97382F}.Release|Any CPU.Build.0 = Release|Any CPU
		{D3D1191A-EBEB-4206-91F4-4BDE286E6B33}.Debug|Any CPU.ActiveCfg = Debug|Any CPU
		{D3D1191A-EBEB-4206-91F4-4BDE286E6B33}.Debug|Any CPU.Build.0 = Debug|Any CPU
		{D3D1191A-EBEB-4206-91F4-4BDE286E6B33}.Release|Any CPU.ActiveCfg = Release|Any CPU
		{D3D1191A-EBEB-4206-91F4-4BDE286E6B33}.Release|Any CPU.Build.0 = Release|Any CPU
		{016267E1-2544-4218-B579-244C6F20C6AB}.Debug|Any CPU.ActiveCfg = Debug|Any CPU
		{016267E1-2544-4218-B579-244C6F20C6AB}.Debug|Any CPU.Build.0 = Debug|Any CPU
		{016267E1-2544-4218-B579-244C6F20C6AB}.Release|Any CPU.ActiveCfg = Release|Any CPU
		{016267E1-2544-4218-B579-244C6F20C6AB}.Release|Any CPU.Build.0 = Release|Any CPU
		{BBBDB54F-08A9-46D0-A162-57C135BA848F}.Debug|Any CPU.ActiveCfg = Debug|Any CPU
		{BBBDB54F-08A9-46D0-A162-57C135BA848F}.Debug|Any CPU.Build.0 = Debug|Any CPU
		{BBBDB54F-08A9-46D0-A162-57C135BA848F}.Release|Any CPU.ActiveCfg = Release|Any CPU
		{BBBDB54F-08A9-46D0-A162-57C135BA848F}.Release|Any CPU.Build.0 = Release|Any CPU
		{E9AC7D49-7DAF-4A3B-A59B-99CD415F9094}.Debug|Any CPU.ActiveCfg = Debug|Any CPU
		{E9AC7D49-7DAF-4A3B-A59B-99CD415F9094}.Debug|Any CPU.Build.0 = Debug|Any CPU
		{E9AC7D49-7DAF-4A3B-A59B-99CD415F9094}.Release|Any CPU.ActiveCfg = Release|Any CPU
		{E9AC7D49-7DAF-4A3B-A59B-99CD415F9094}.Release|Any CPU.Build.0 = Release|Any CPU
	EndGlobalSection
	GlobalSection(SolutionProperties) = preSolution
		HideSolutionNode = FALSE
	EndGlobalSection
	GlobalSection(ExtensibilityGlobals) = postSolution
		SolutionGuid = {28EC0333-5F04-4C54-A376-932A432EFCDE}
	EndGlobalSection
EndGlobal
